
Microsoft Visual Studio Solution File, Format Version 12.00
# Visual Studio Version 17
VisualStudioVersion = 17.9.34622.214
MinimumVisualStudioVersion = 10.0.40219.1
Project("{FAE04EC0-301F-11D3-BF4B-00C04F79EFBC}") = "AMP8000 EtherCAT", "AMP8000 EtherCAT.csproj", "{B409F600-06C0-44AC-BC5C-91D4A569C4DE}"
EndProject
Global
	GlobalSection(SolutionConfigurationPlatforms) = preSolution
		Debug|Any CPU = Debug|Any CPU
		Release|Any CPU = Release|Any CPU
	EndGlobalSection
	GlobalSection(ProjectConfigurationPlatforms) = postSolution
		{B409F600-06C0-44AC-BC5C-91D4A569C4DE}.Debug|Any CPU.ActiveCfg = Debug|Any CPU
		{B409F600-06C0-44AC-BC5C-91D4A569C4DE}.Debug|Any CPU.Build.0 = Debug|Any CPU
		{B409F600-06C0-44AC-BC5C-91D4A569C4DE}.Release|Any CPU.ActiveCfg = Release|Any CPU
		{B409F600-06C0-44AC-BC5C-91D4A569C4DE}.Release|Any CPU.Build.0 = Release|Any CPU
	EndGlobalSection
	GlobalSection(SolutionProperties) = preSolution
		HideSolutionNode = FALSE
	EndGlobalSection
	GlobalSection(ExtensibilityGlobals) = postSolution
		SolutionGuid = {EE2D266C-7DD5-448A-A2BB-CF6D7D40F721}
	EndGlobalSection
EndGlobal
